// !$*UTF8*$!
{
	archiveVersion = 1;
	classes = {
	};
	objectVersion = 50;
	objects = {

/* Begin PBXBuildFile section */
		589C5AC72109B2290007561A /* AppDelegate.swift in Sources */ = {isa = PBXBuildFile; fileRef = 589C5AC62109B2290007561A /* AppDelegate.swift */; };
		589C5AC92109B2290007561A /* ViewController.swift in Sources */ = {isa = PBXBuildFile; fileRef = 589C5AC82109B2290007561A /* ViewController.swift */; };
		589C5ACC2109B2290007561A /* Main.storyboard in Resources */ = {isa = PBXBuildFile; fileRef = 589C5ACA2109B2290007561A /* Main.storyboard */; };
		589C5ACE2109B22A0007561A /* Assets.xcassets in Resources */ = {isa = PBXBuildFile; fileRef = 589C5ACD2109B22A0007561A /* Assets.xcassets */; };
		589C5AD12109B22A0007561A /* LaunchScreen.storyboard in Resources */ = {isa = PBXBuildFile; fileRef = 589C5ACF2109B22A0007561A /* LaunchScreen.storyboard */; };
		589C5ADB2109B2430007561A /* Extension.swift in Sources */ = {isa = PBXBuildFile; fileRef = 589C5AD82109B2430007561A /* Extension.swift */; };
		589C5ADC2109B2430007561A /* Define.swift in Sources */ = {isa = PBXBuildFile; fileRef = 589C5AD92109B2430007561A /* Define.swift */; };
		589C5ADD2109B2430007561A /* NotiCenter.swift in Sources */ = {isa = PBXBuildFile; fileRef = 589C5ADA2109B2430007561A /* NotiCenter.swift */; };
/* End PBXBuildFile section */

/* Begin PBXFileReference section */
		589C5AC32109B2290007561A /* PushSample.app */ = {isa = PBXFileReference; explicitFileType = wrapper.application; includeInIndex = 0; path = PushSample.app; sourceTree = BUILT_PRODUCTS_DIR; };
		589C5AC62109B2290007561A /* AppDelegate.swift */ = {isa = PBXFileReference; lastKnownFileType = sourcecode.swift; path = AppDelegate.swift; sourceTree = "<group>"; };
		589C5AC82109B2290007561A /* ViewController.swift */ = {isa = PBXFileReference; lastKnownFileType = sourcecode.swift; path = ViewController.swift; sourceTree = "<group>"; };
		589C5ACB2109B2290007561A /* Base */ = {isa = PBXFileReference; lastKnownFileType = file.storyboard; name = Base; path = Base.lproj/Main.storyboard; sourceTree = "<group>"; };
		589C5ACD2109B22A0007561A /* Assets.xcassets */ = {isa = PBXFileReference; lastKnownFileType = folder.assetcatalog; path = Assets.xcassets; sourceTree = "<group>"; };
		589C5AD02109B22A0007561A /* Base */ = {isa = PBXFileReference; lastKnownFileType = file.storyboard; name = Base; path = Base.lproj/LaunchScreen.storyboard; sourceTree = "<group>"; };
		589C5AD22109B22A0007561A /* Info.plist */ = {isa = PBXFileReference; lastKnownFileType = text.plist.xml; path = Info.plist; sourceTree = "<group>"; };
		589C5AD82109B2430007561A /* Extension.swift */ = {isa = PBXFileReference; fileEncoding = 4; lastKnownFileType = sourcecode.swift; path = Extension.swift; sourceTree = "<group>"; };
		589C5AD92109B2430007561A /* Define.swift */ = {isa = PBXFileReference; fileEncoding = 4; lastKnownFileType = sourcecode.swift; path = Define.swift; sourceTree = "<group>"; };
		589C5ADA2109B2430007561A /* NotiCenter.swift */ = {isa = PBXFileReference; fileEncoding = 4; lastKnownFileType = sourcecode.swift; path = NotiCenter.swift; sourceTree = "<group>"; };
		589C5ADE2109B4220007561A /* PushSample.entitlements */ = {isa = PBXFileReference; lastKnownFileType = text.plist.entitlements; path = PushSample.entitlements; sourceTree = "<group>"; };
/* End PBXFileReference section */

/* Begin PBXFrameworksBuildPhase section */
		589C5AC02109B2290007561A /* Frameworks */ = {
			isa = PBXFrameworksBuildPhase;
			buildActionMask = 2147483647;
			files = (
			);
			runOnlyForDeploymentPostprocessing = 0;
		};
/* End PBXFrameworksBuildPhase section */

/* Begin PBXGroup section */
		589C5ABA2109B2290007561A = {
			isa = PBXGroup;
			children = (
				589C5AC52109B2290007561A /* PushSample */,
				589C5AC42109B2290007561A /* Products */,
			);
			sourceTree = "<group>";
		};
		589C5AC42109B2290007561A /* Products */ = {
			isa = PBXGroup;
			children = (
				589C5AC32109B2290007561A /* PushSample.app */,
			);
			name = Products;
			sourceTree = "<group>";
		};
		589C5AC52109B2290007561A /* PushSample */ = {
			isa = PBXGroup;
			children = (
				589C5ADE2109B4220007561A /* PushSample.entitlements */,
				589C5AC62109B2290007561A /* AppDelegate.swift */,
				589C5AC82109B2290007561A /* ViewController.swift */,
				589C5AD92109B2430007561A /* Define.swift */,
				589C5AD82109B2430007561A /* Extension.swift */,
				589C5ADA2109B2430007561A /* NotiCenter.swift */,
				589C5ACA2109B2290007561A /* Main.storyboard */,
				589C5ACD2109B22A0007561A /* Assets.xcassets */,
				589C5ACF2109B22A0007561A /* LaunchScreen.storyboard */,
				589C5AD22109B22A0007561A /* Info.plist */,
			);
			path = PushSample;
			sourceTree = "<group>";
		};
/* End PBXGroup section */

/* Begin PBXNativeTarget section */
		589C5AC22109B2290007561A /* PushSample */ = {
			isa = PBXNativeTarget;
			buildConfigurationList = 589C5AD52109B22A0007561A /* Build configuration list for PBXNativeTarget "PushSample" */;
			buildPhases = (
				589C5ABF2109B2290007561A /* Sources */,
				589C5AC02109B2290007561A /* Frameworks */,
				589C5AC12109B2290007561A /* Resources */,
			);
			buildRules = (
			);
			dependencies = (
			);
			name = PushSample;
			productName = PushSample;
			productReference = 589C5AC32109B2290007561A /* PushSample.app */;
			productType = "com.apple.product-type.application";
		};
/* End PBXNativeTarget section */

/* Begin PBXProject section */
		589C5ABB2109B2290007561A /* Project object */ = {
			isa = PBXProject;
			attributes = {
				LastSwiftUpdateCheck = 0940;
				LastUpgradeCheck = 0940;
				ORGANIZATIONNAME = wlsrn;
				TargetAttributes = {
					589C5AC22109B2290007561A = {
						CreatedOnToolsVersion = 9.4.1;
						SystemCapabilities = {
							com.apple.BackgroundModes = {
								enabled = 1;
							};
							com.apple.Push = {
								enabled = 1;
							};
						};
					};
				};
			};
			buildConfigurationList = 589C5ABE2109B2290007561A /* Build configuration list for PBXProject "PushSample" */;
			compatibilityVersion = "Xcode 9.3";
			developmentRegion = en;
			hasScannedForEncodings = 0;
			knownRegions = (
				en,
				Base,
			);
			mainGroup = 589C5ABA2109B2290007561A;
			productRefGroup = 589C5AC42109B2290007561A /* Products */;
			projectDirPath = "";
			projectRoot = "";
			targets = (
				589C5AC22109B2290007561A /* PushSample */,
			);
		};
/* End PBXProject section */

/* Begin PBXResourcesBuildPhase section */
		589C5AC12109B2290007561A /* Resources */ = {
			isa = PBXResourcesBuildPhase;
			buildActionMask = 2147483647;
			files = (
				589C5AD12109B22A0007561A /* LaunchScreen.storyboard in Resources */,
				589C5ACE2109B22A0007561A /* Assets.xcassets in Resources */,
				589C5ACC2109B2290007561A /* Main.storyboard in Resources */,
			);
			runOnlyForDeploymentPostprocessing = 0;
		};
/* End PBXResourcesBuildPhase section */

/* Begin PBXSourcesBuildPhase section */
		589C5ABF2109B2290007561A /* Sources */ = {
			isa = PBXSourcesBuildPhase;
			buildActionMask = 2147483647;
			files = (
				589C5ADB2109B2430007561A /* Extension.swift in Sources */,
				589C5AC92109B2290007561A /* ViewController.swift in Sources */,
				589C5ADC2109B2430007561A /* Define.swift in Sources */,
				589C5AC72109B2290007561A /* AppDelegate.swift in Sources */,
				589C5ADD2109B2430007561A /* NotiCenter.swift in Sources */,
			);
			runOnlyForDeploymentPostprocessing = 0;
		};
/* End PBXSourcesBuildPhase section */

/* Begin PBXVariantGroup section */
		589C5ACA2109B2290007561A /* Main.storyboard */ = {
			isa = PBXVariantGroup;
			children = (
				589C5ACB2109B2290007561A /* Base */,
			);
			name = Main.storyboard;
			sourceTree = "<group>";
		};
		589C5ACF2109B22A0007561A /* LaunchScreen.storyboard */ = {
			isa = PBXVariantGroup;
			children = (
				589C5AD02109B22A0007561A /* Base */,
			);
			name = LaunchScreen.storyboard;
			sourceTree = "<group>";
		};
/* End PBXVariantGroup section */

/* Begin XCBuildConfiguration section */
		589C5AD32109B22A0007561A /* Debug */ = {
			isa = XCBuildConfiguration;
			buildSettings = {
				ALWAYS_SEARCH_USER_PATHS = NO;
				CLANG_ANALYZER_NONNULL = YES;
				CLANG_ANALYZER_NUMBER_OBJECT_CONVERSION = YES_AGGRESSIVE;
				CLANG_CXX_LANGUAGE_STANDARD = "gnu++14";
				CLANG_CXX_LIBRARY = "libc++";
				CLANG_ENABLE_MODULES = YES;
				CLANG_ENABLE_OBJC_ARC = YES;
				CLANG_ENABLE_OBJC_WEAK = YES;
				CLANG_WARN_BLOCK_CAPTURE_AUTORELEASING = YES;
				CLANG_WARN_BOOL_CONVERSION = YES;
				CLANG_WARN_COMMA = YES;
				CLANG_WARN_CONSTANT_CONVERSION = YES;
				CLANG_WARN_DEPRECATED_OBJC_IMPLEMENTATIONS = YES;
				CLANG_WARN_DIRECT_OBJC_ISA_USAGE = YES_ERROR;
				CLANG_WARN_DOCUMENTATION_COMMENTS = YES;
				CLANG_WARN_EMPTY_BODY = YES;
				CLANG_WARN_ENUM_CONVERSION = YES;
				CLANG_WARN_INFINITE_RECURSION = YES;
				CLANG_WARN_INT_CONVERSION = YES;
				CLANG_WARN_NON_LITERAL_NULL_CONVERSION = YES;
				CLANG_WARN_OBJC_IMPLICIT_RETAIN_SELF = YES;
				CLANG_WARN_OBJC_LITERAL_CONVERSION = YES;
				CLANG_WARN_OBJC_ROOT_CLASS = YES_ERROR;
				CLANG_WARN_RANGE_LOOP_ANALYSIS = YES;
				CLANG_WARN_STRICT_PROTOTYPES = YES;
				CLANG_WARN_SUSPICIOUS_MOVE = YES;
				CLANG_WARN_UNGUARDED_AVAILABILITY = YES_AGGRESSIVE;
				CLANG_WARN_UNREACHABLE_CODE = YES;
				CLANG_WARN__DUPLICATE_METHOD_MATCH = YES;
				CODE_SIGN_IDENTITY = "iPhone Developer";
				COPY_PHASE_STRIP = NO;
				DEBUG_INFORMATION_FORMAT = dwarf;
				ENABLE_STRICT_OBJC_MSGSEND = YES;
				ENABLE_TESTABILITY = YES;
				GCC_C_LANGUAGE_STANDARD = gnu11;
				GCC_DYNAMIC_NO_PIC = NO;
				GCC_NO_COMMON_BLOCKS = YES;
				GCC_OPTIMIZATION_LEVEL = 0;
				GCC_PREPROCESSOR_DEFINITIONS = (
					"DEBUG=1",
					"$(inherited)",
				);
				GCC_WARN_64_TO_32_BIT_CONVERSION = YES;
				GCC_WARN_ABOUT_RETURN_TYPE = YES_ERROR;
				GCC_WARN_UNDECLARED_SELECTOR = YES;
				GCC_WARN_UNINITIALIZED_AUTOS = YES_AGGRESSIVE;
				GCC_WARN_UNUSED_FUNCTION = YES;
				GCC_WARN_UNUSED_VARIABLE = YES;
				IPHONEOS_DEPLOYMENT_TARGET = 11.4;
				MTL_ENABLE_DEBUG_INFO = YES;
				ONLY_ACTIVE_ARCH = YES;
				SDKROOT = iphoneos;
				SWIFT_ACTIVE_COMPILATION_CONDITIONS = DEBUG;
				SWIFT_OPTIMIZATION_LEVEL = "-Onone";
			};
			name = Debug;
		};
		589C5AD42109B22A0007561A /* Release */ = {
			isa = XCBuildConfiguration;
			buildSettings = {
				ALWAYS_SEARCH_USER_PATHS = NO;
				CLANG_ANALYZER_NONNULL = YES;
				CLANG_ANALYZER_NUMBER_OBJECT_CONVERSION = YES_AGGRESSIVE;
				CLANG_CXX_LANGUAGE_STANDARD = "gnu++14";
				CLANG_CXX_LIBRARY = "libc++";
				CLANG_ENABLE_MODULES = YES;
				CLANG_ENABLE_OBJC_ARC = YES;
				CLANG_ENABLE_OBJC_WEAK = YES;
				CLANG_WARN_BLOCK_CAPTURE_AUTORELEASING = YES;
				CLANG_WARN_BOOL_CONVERSION = YES;
				CLANG_WARN_COMMA = YES;
				CLANG_WARN_CONSTANT_CONVERSION = YES;
				CLANG_WARN_DEPRECATED_OBJC_IMPLEMENTATIONS = YES;
				CLANG_WARN_DIRECT_OBJC_ISA_USAGE = YES_ERROR;
				CLANG_WARN_DOCUMENTATION_COMMENTS = YES;
				CLANG_WARN_EMPTY_BODY = YES;
				CLANG_WARN_ENUM_CONVERSION = YES;
				CLANG_WARN_INFINITE_RECURSION = YES;
				CLANG_WARN_INT_CONVERSION = YES;
				CLANG_WARN_NON_LITERAL_NULL_CONVERSION = YES;
				CLANG_WARN_OBJC_IMPLICIT_RETAIN_SELF = YES;
				CLANG_WARN_OBJC_LITERAL_CONVERSION = YES;
				CLANG_WARN_OBJC_ROOT_CLASS = YES_ERROR;
				CLANG_WARN_RANGE_LOOP_ANALYSIS = YES;
				CLANG_WARN_STRICT_PROTOTYPES = YES;
				CLANG_WARN_SUSPICIOUS_MOVE = YES;
				CLANG_WARN_UNGUARDED_AVAILABILITY = YES_AGGRESSIVE;
				CLANG_WARN_UNREACHABLE_CODE = YES;
				CLANG_WARN__DUPLICATE_METHOD_MATCH = YES;
				CODE_SIGN_IDENTITY = "iPhone Developer";
				COPY_PHASE_STRIP = NO;
				DEBUG_INFORMATION_FORMAT = "dwarf-with-dsym";
				ENABLE_NS_ASSERTIONS = NO;
				ENABLE_STRICT_OBJC_MSGSEND = YES;
				GCC_C_LANGUAGE_STANDARD = gnu11;
				GCC_NO_COMMON_BLOCKS = YES;
				GCC_WARN_64_TO_32_BIT_CONVERSION = YES;
				GCC_WARN_ABOUT_RETURN_TYPE = YES_ERROR;
				GCC_WARN_UNDECLARED_SELECTOR = YES;
				GCC_WARN_UNINITIALIZED_AUTOS = YES_AGGRESSIVE;
				GCC_WARN_UNUSED_FUNCTION = YES;
				GCC_WARN_UNUSED_VARIABLE = YES;
				IPHONEOS_DEPLOYMENT_TARGET = 11.4;
				MTL_ENABLE_DEBUG_INFO = NO;
				SDKROOT = iphoneos;
				SWIFT_COMPILATION_MODE = wholemodule;
				SWIFT_OPTIMIZATION_LEVEL = "-O";
				VALIDATE_PRODUCT = YES;
			};
			name = Release;
		};
		589C5AD62109B22A0007561A /* Debug */ = {
			isa = XCBuildConfiguration;
			buildSettings = {
				ASSETCATALOG_COMPILER_APPICON_NAME = AppIcon;
				CODE_SIGN_ENTITLEMENTS = PushSample/PushSample.entitlements;
				CODE_SIGN_STYLE = Automatic;
				DEVELOPMENT_TEAM = CZKH475M2R;
				INFOPLIST_FILE = PushSample/Info.plist;
				LD_RUNPATH_SEARCH_PATHS = (
					"$(inherited)",
					"@executable_path/Frameworks",
				);
				PRODUCT_BUNDLE_IDENTIFIER = wlsrn0609.DevTest001;
				PRODUCT_NAME = "$(TARGET_NAME)";
				SWIFT_VERSION = 4.0;
				TARGETED_DEVICE_FAMILY = "1,2";
			};
			name = Debug;
		};
		589C5AD72109B22A0007561A /* Release */ = {
			isa = XCBuildConfiguration;
			buildSettings = {
				ASSETCATALOG_COMPILER_APPICON_NAME = AppIcon;
				CODE_SIGN_ENTITLEMENTS = PushSample/PushSample.entitlements;
				CODE_SIGN_STYLE = Automatic;
				DEVELOPMENT_TEAM = CZKH475M2R;
				INFOPLIST_FILE = PushSample/Info.plist;
				LD_RUNPATH_SEARCH_PATHS = (
					"$(inherited)",
					"@executable_path/Frameworks",
				);
				PRODUCT_BUNDLE_IDENTIFIER = wlsrn0609.DevTest001;
				PRODUCT_NAME = "$(TARGET_NAME)";
				SWIFT_VERSION = 4.0;
				TARGETED_DEVICE_FAMILY = "1,2";
			};
			name = Release;
		};
/* End XCBuildConfiguration section */

/* Begin XCConfigurationList section */
		589C5ABE2109B2290007561A /* Build configuration list for PBXProject "PushSample" */ = {
			isa = XCConfigurationList;
			buildConfigurations = (
				589C5AD32109B22A0007561A /* Debug */,
				589C5AD42109B22A0007561A /* Release */,
			);
			defaultConfigurationIsVisible = 0;
			defaultConfigurationName = Release;
		};
		589C5AD52109B22A0007561A /* Build configuration list for PBXNativeTarget "PushSample" */ = {
			isa = XCConfigurationList;
			buildConfigurations = (
				589C5AD62109B22A0007561A /* Debug */,
				589C5AD72109B22A0007561A /* Release */,
			);
			defaultConfigurationIsVisible = 0;
			defaultConfigurationName = Release;
		};
/* End XCConfigurationList section */
	};
	rootObject = 589C5ABB2109B2290007561A /* Project object */;
}
